
Microsoft Visual Studio Solution File, Format Version 12.00
Project("{FAE04EC0-301F-11D3-BF4B-00C04F79EFBC}") = "1752-leetcode", "1752-leetcode\1752-leetcode.csproj", "{44F5875E-A354-4A0F-9543-C84BFA523E5D}"
EndProject
Global
	GlobalSection(SolutionConfigurationPlatforms) = preSolution
		Debug|Any CPU = Debug|Any CPU
		Release|Any CPU = Release|Any CPU
	EndGlobalSection
	GlobalSection(ProjectConfigurationPlatforms) = postSolution
		{44F5875E-A354-4A0F-9543-C84BFA523E5D}.Debug|Any CPU.ActiveCfg = Debug|Any CPU
		{44F5875E-A354-4A0F-9543-C84BFA523E5D}.Debug|Any CPU.Build.0 = Debug|Any CPU
		{44F5875E-A354-4A0F-9543-C84BFA523E5D}.Release|Any CPU.ActiveCfg = Release|Any CPU
		{44F5875E-A354-4A0F-9543-C84BFA523E5D}.Release|Any CPU.Build.0 = Release|Any CPU
	EndGlobalSection
EndGlobal
